
Microsoft Visual Studio Solution File, Format Version 12.00
# Visual Studio Version 16
VisualStudioVersion = 16.0.30406.217
MinimumVisualStudioVersion = 10.0.40219.1
Project("{FAE04EC0-301F-11D3-BF4B-00C04F79EFBC}") = "MyExchange", "MyExchange.csproj", "{3F44BF42-E086-4431-A679-2AD4E2145E57}"
EndProject
Global
	GlobalSection(SolutionConfigurationPlatforms) = preSolution
		Debug|Any CPU = Debug|Any CPU
		Release|Any CPU = Release|Any CPU
	EndGlobalSection
	GlobalSection(ProjectConfigurationPlatforms) = postSolution
		{3F44BF42-E086-4431-A679-2AD4E2145E57}.Debug|Any CPU.ActiveCfg = Debug|Any CPU
		{3F44BF42-E086-4431-A679-2AD4E2145E57}.Debug|Any CPU.Build.0 = Debug|Any CPU
		{3F44BF42-E086-4431-A679-2AD4E2145E57}.Release|Any CPU.ActiveCfg = Release|Any CPU
		{3F44BF42-E086-4431-A679-2AD4E2145E57}.Release|Any CPU.Build.0 = Release|Any CPU
	EndGlobalSection
	GlobalSection(SolutionProperties) = preSolution
		HideSolutionNode = FALSE
	EndGlobalSection
	GlobalSection(ExtensibilityGlobals) = postSolution
		SolutionGuid = {F173C8FF-DC30-4F5F-B8E9-C1DEA772C2F3}
	EndGlobalSection
EndGlobal
