
Microsoft Visual Studio Solution File, Format Version 12.00
# Visual Studio Version 16
VisualStudioVersion = 16.0.28803.352
MinimumVisualStudioVersion = 10.0.40219.1
Project("{FAE04EC0-301F-11D3-BF4B-00C04F79EFBC}") = "CityCoreApp", "CityCoreApp\CityCoreApp.csproj", "{0F091B95-D617-435D-BB93-A3CF62FF82C6}"
EndProject
Global
	GlobalSection(SolutionConfigurationPlatforms) = preSolution
		Debug|Any CPU = Debug|Any CPU
		Release|Any CPU = Release|Any CPU
	EndGlobalSection
	GlobalSection(ProjectConfigurationPlatforms) = postSolution
		{0F091B95-D617-435D-BB93-A3CF62FF82C6}.Debug|Any CPU.ActiveCfg = Debug|Any CPU
		{0F091B95-D617-435D-BB93-A3CF62FF82C6}.Debug|Any CPU.Build.0 = Debug|Any CPU
		{0F091B95-D617-435D-BB93-A3CF62FF82C6}.Release|Any CPU.ActiveCfg = Release|Any CPU
		{0F091B95-D617-435D-BB93-A3CF62FF82C6}.Release|Any CPU.Build.0 = Release|Any CPU
	EndGlobalSection
	GlobalSection(SolutionProperties) = preSolution
		HideSolutionNode = FALSE
	EndGlobalSection
	GlobalSection(ExtensibilityGlobals) = postSolution
		SolutionGuid = {DA164DB3-568C-4764-A57B-AD4B23D373AA}
	EndGlobalSection
EndGlobal
