
Microsoft Visual Studio Solution File, Format Version 12.00
# Visual Studio Version 16
VisualStudioVersion = 16.0.31019.35
MinimumVisualStudioVersion = 10.0.40219.1
Project("{9A19103F-16F7-4668-BE54-9A1E7A4F7556}") = "TodoApi", "TodoApi\TodoApi.csproj", "{09F77A9F-6D9D-4A13-9734-879806C4599F}"
EndProject
Project("{FAE04EC0-301F-11D3-BF4B-00C04F79EFBC}") = "TestHackerEarth", "TestHackerEarth\TestHackerEarth.csproj", "{9A10FA7A-DAC1-4477-B8E5-C05912F27BBD}"
EndProject
Global
	GlobalSection(SolutionConfigurationPlatforms) = preSolution
		Debug|Any CPU = Debug|Any CPU
		Release|Any CPU = Release|Any CPU
	EndGlobalSection
	GlobalSection(ProjectConfigurationPlatforms) = postSolution
		{09F77A9F-6D9D-4A13-9734-879806C4599F}.Debug|Any CPU.ActiveCfg = Debug|Any CPU
		{09F77A9F-6D9D-4A13-9734-879806C4599F}.Debug|Any CPU.Build.0 = Debug|Any CPU
		{09F77A9F-6D9D-4A13-9734-879806C4599F}.Release|Any CPU.ActiveCfg = Release|Any CPU
		{09F77A9F-6D9D-4A13-9734-879806C4599F}.Release|Any CPU.Build.0 = Release|Any CPU
		{9A10FA7A-DAC1-4477-B8E5-C05912F27BBD}.Debug|Any CPU.ActiveCfg = Debug|Any CPU
		{9A10FA7A-DAC1-4477-B8E5-C05912F27BBD}.Debug|Any CPU.Build.0 = Debug|Any CPU
		{9A10FA7A-DAC1-4477-B8E5-C05912F27BBD}.Release|Any CPU.ActiveCfg = Release|Any CPU
		{9A10FA7A-DAC1-4477-B8E5-C05912F27BBD}.Release|Any CPU.Build.0 = Release|Any CPU
	EndGlobalSection
	GlobalSection(SolutionProperties) = preSolution
		HideSolutionNode = FALSE
	EndGlobalSection
	GlobalSection(ExtensibilityGlobals) = postSolution
		SolutionGuid = {51408D74-374C-49C7-8A99-B61B2FF2AD91}
	EndGlobalSection
EndGlobal
