
Microsoft Visual Studio Solution File, Format Version 12.00
# Visual Studio Version 17
VisualStudioVersion = 17.0.31903.59
MinimumVisualStudioVersion = 10.0.40219.1
Project("{FAE04EC0-301F-11D3-BF4B-00C04F79EFBC}") = "CodilityPractice", "CodilityPractice\CodilityPractice.csproj", "{BB703D77-B5EB-407D-BC91-B5E99C5C43FF}"
EndProject
Global
	GlobalSection(SolutionConfigurationPlatforms) = preSolution
		Debug|Any CPU = Debug|Any CPU
		Release|Any CPU = Release|Any CPU
	EndGlobalSection
	GlobalSection(ProjectConfigurationPlatforms) = postSolution
		{BB703D77-B5EB-407D-BC91-B5E99C5C43FF}.Debug|Any CPU.ActiveCfg = Debug|Any CPU
		{BB703D77-B5EB-407D-BC91-B5E99C5C43FF}.Debug|Any CPU.Build.0 = Debug|Any CPU
		{BB703D77-B5EB-407D-BC91-B5E99C5C43FF}.Release|Any CPU.ActiveCfg = Release|Any CPU
		{BB703D77-B5EB-407D-BC91-B5E99C5C43FF}.Release|Any CPU.Build.0 = Release|Any CPU
	EndGlobalSection
	GlobalSection(SolutionProperties) = preSolution
		HideSolutionNode = FALSE
	EndGlobalSection
	GlobalSection(ExtensibilityGlobals) = postSolution
		SolutionGuid = {7AD67064-C8DA-4946-96C9-4A6C103BE9B3}
	EndGlobalSection
EndGlobal
